// !$*UTF8*$!
{
	archiveVersion = 1;
	classes = {
	};
	objectVersion = 50;
	objects = {

/* Begin PBXBuildFile section */
		8BACE87A2799578500BE317E /* NetworkServiceLayer.swift in Sources */ = {isa = PBXBuildFile; fileRef = 8BACE86B2799578400BE317E /* NetworkServiceLayer.swift */; };
		8BACE87B2799578500BE317E /* DemoData.swift in Sources */ = {isa = PBXBuildFile; fileRef = 8BACE86C2799578400BE317E /* DemoData.swift */; };
		8BACE87D2799578500BE317E /* ProductListViewController.swift in Sources */ = {isa = PBXBuildFile; fileRef = 8BACE86F2799578500BE317E /* ProductListViewController.swift */; };
		8BACE87E2799578500BE317E /* ShoppingBasket.swift in Sources */ = {isa = PBXBuildFile; fileRef = 8BACE8712799578500BE317E /* ShoppingBasket.swift */; };
		8BACE87F2799578500BE317E /* Product.swift in Sources */ = {isa = PBXBuildFile; fileRef = 8BACE8722799578500BE317E /* Product.swift */; };
		8BACE8802799578500BE317E /* AppDelegate.swift in Sources */ = {isa = PBXBuildFile; fileRef = 8BACE8742799578500BE317E /* AppDelegate.swift */; };
		8BACE8812799578500BE317E /* SceneDelegate.swift in Sources */ = {isa = PBXBuildFile; fileRef = 8BACE8752799578500BE317E /* SceneDelegate.swift */; };
		8BACE8822799578500BE317E /* DetailController.swift in Sources */ = {isa = PBXBuildFile; fileRef = 8BACE8772799578500BE317E /* DetailController.swift */; };
		8BACE8922799593200BE317E /* Assets.xcassets in Resources */ = {isa = PBXBuildFile; fileRef = 8BACE8912799593200BE317E /* Assets.xcassets */; };
		8BACE8B927996D5800BE317E /* RouterCreation.swift in Sources */ = {isa = PBXBuildFile; fileRef = 8BACE8B827996D5800BE317E /* RouterCreation.swift */; };
		8BACE8BF27996E3600BE317E /* Constants.swift in Sources */ = {isa = PBXBuildFile; fileRef = 8BACE8BE27996E3600BE317E /* Constants.swift */; };
		8BACE8C82799728A00BE317E /* Main.storyboard in Resources */ = {isa = PBXBuildFile; fileRef = 8BACE88A2799585F00BE317E /* Main.storyboard */; };
		8BACE8C92799728A00BE317E /* LaunchScreen.storyboard in Resources */ = {isa = PBXBuildFile; fileRef = 8BACE88C2799586000BE317E /* LaunchScreen.storyboard */; };
		8BACE8D027998DE700BE317E /* NetworkResponse.swift in Sources */ = {isa = PBXBuildFile; fileRef = 8BACE8CF27998DE700BE317E /* NetworkResponse.swift */; };
		8BACE8D52799A14200BE317E /* ProductListViewModel.swift in Sources */ = {isa = PBXBuildFile; fileRef = 8BACE8D42799A14200BE317E /* ProductListViewModel.swift */; };
		8BACE8DB2799A89D00BE317E /* ProductTableViewCell.swift in Sources */ = {isa = PBXBuildFile; fileRef = 8BACE8D92799A89D00BE317E /* ProductTableViewCell.swift */; };
		8BACE8DC2799A89D00BE317E /* ProductTableViewCell.xib in Resources */ = {isa = PBXBuildFile; fileRef = 8BACE8DA2799A89D00BE317E /* ProductTableViewCell.xib */; };
		8BACE8DF2799A8B900BE317E /* ProductCellViewModel.swift in Sources */ = {isa = PBXBuildFile; fileRef = 8BACE8DE2799A8B900BE317E /* ProductCellViewModel.swift */; };
/* End PBXBuildFile section */

/* Begin PBXFileReference section */
		8B0D4DE7279956E3002D8B22 /* Product.app */ = {isa = PBXFileReference; explicitFileType = wrapper.application; includeInIndex = 0; path = Product.app; sourceTree = BUILT_PRODUCTS_DIR; };
		8B0D4DF8279956E6002D8B22 /* Info.plist */ = {isa = PBXFileReference; lastKnownFileType = text.plist.xml; path = Info.plist; sourceTree = "<group>"; };
		8BACE86B2799578400BE317E /* NetworkServiceLayer.swift */ = {isa = PBXFileReference; fileEncoding = 4; lastKnownFileType = sourcecode.swift; path = NetworkServiceLayer.swift; sourceTree = "<group>"; };
		8BACE86C2799578400BE317E /* DemoData.swift */ = {isa = PBXFileReference; fileEncoding = 4; lastKnownFileType = sourcecode.swift; path = DemoData.swift; sourceTree = "<group>"; };
		8BACE86F2799578500BE317E /* ProductListViewController.swift */ = {isa = PBXFileReference; fileEncoding = 4; lastKnownFileType = sourcecode.swift; path = ProductListViewController.swift; sourceTree = "<group>"; };
		8BACE8712799578500BE317E /* ShoppingBasket.swift */ = {isa = PBXFileReference; fileEncoding = 4; lastKnownFileType = sourcecode.swift; path = ShoppingBasket.swift; sourceTree = "<group>"; };
		8BACE8722799578500BE317E /* Product.swift */ = {isa = PBXFileReference; fileEncoding = 4; lastKnownFileType = sourcecode.swift; path = Product.swift; sourceTree = "<group>"; };
		8BACE8742799578500BE317E /* AppDelegate.swift */ = {isa = PBXFileReference; fileEncoding = 4; lastKnownFileType = sourcecode.swift; path = AppDelegate.swift; sourceTree = "<group>"; };
		8BACE8752799578500BE317E /* SceneDelegate.swift */ = {isa = PBXFileReference; fileEncoding = 4; lastKnownFileType = sourcecode.swift; path = SceneDelegate.swift; sourceTree = "<group>"; };
		8BACE8772799578500BE317E /* DetailController.swift */ = {isa = PBXFileReference; fileEncoding = 4; lastKnownFileType = sourcecode.swift; path = DetailController.swift; sourceTree = "<group>"; };
		8BACE88A2799585F00BE317E /* Main.storyboard */ = {isa = PBXFileReference; lastKnownFileType = file.storyboard; path = Main.storyboard; sourceTree = "<group>"; };
		8BACE88C2799586000BE317E /* LaunchScreen.storyboard */ = {isa = PBXFileReference; lastKnownFileType = file.storyboard; path = LaunchScreen.storyboard; sourceTree = "<group>"; };
		8BACE8912799593200BE317E /* Assets.xcassets */ = {isa = PBXFileReference; lastKnownFileType = folder.assetcatalog; path = Assets.xcassets; sourceTree = "<group>"; };
		8BACE8B827996D5800BE317E /* RouterCreation.swift */ = {isa = PBXFileReference; lastKnownFileType = sourcecode.swift; path = RouterCreation.swift; sourceTree = "<group>"; };
		8BACE8BE27996E3600BE317E /* Constants.swift */ = {isa = PBXFileReference; lastKnownFileType = sourcecode.swift; path = Constants.swift; sourceTree = "<group>"; };
		8BACE8CF27998DE700BE317E /* NetworkResponse.swift */ = {isa = PBXFileReference; lastKnownFileType = sourcecode.swift; path = NetworkResponse.swift; sourceTree = "<group>"; };
		8BACE8D42799A14200BE317E /* ProductListViewModel.swift */ = {isa = PBXFileReference; lastKnownFileType = sourcecode.swift; path = ProductListViewModel.swift; sourceTree = "<group>"; };
		8BACE8D92799A89D00BE317E /* ProductTableViewCell.swift */ = {isa = PBXFileReference; lastKnownFileType = sourcecode.swift; path = ProductTableViewCell.swift; sourceTree = "<group>"; };
		8BACE8DA2799A89D00BE317E /* ProductTableViewCell.xib */ = {isa = PBXFileReference; lastKnownFileType = file.xib; path = ProductTableViewCell.xib; sourceTree = "<group>"; };
		8BACE8DE2799A8B900BE317E /* ProductCellViewModel.swift */ = {isa = PBXFileReference; lastKnownFileType = sourcecode.swift; path = ProductCellViewModel.swift; sourceTree = "<group>"; };
/* End PBXFileReference section */

/* Begin PBXFrameworksBuildPhase section */
		8B0D4DE4279956E3002D8B22 /* Frameworks */ = {
			isa = PBXFrameworksBuildPhase;
			buildActionMask = 2147483647;
			files = (
			);
			runOnlyForDeploymentPostprocessing = 0;
		};
/* End PBXFrameworksBuildPhase section */

/* Begin PBXGroup section */
		8B0D4DDE279956E3002D8B22 = {
			isa = PBXGroup;
			children = (
				8B0D4DE9279956E3002D8B22 /* Product */,
				8B0D4DE8279956E3002D8B22 /* Products */,
			);
			sourceTree = "<group>";
		};
		8B0D4DE8279956E3002D8B22 /* Products */ = {
			isa = PBXGroup;
			children = (
				8B0D4DE7279956E3002D8B22 /* Product.app */,
			);
			name = Products;
			sourceTree = "<group>";
		};
		8B0D4DE9279956E3002D8B22 /* Product */ = {
			isa = PBXGroup;
			children = (
				8BACE8CB279972CF00BE317E /* Base.lproj */,
				8B0D4DF8279956E6002D8B22 /* Info.plist */,
				8BACE8A52799637E00BE317E /* Manager */,
				8BACE89B2799620700BE317E /* Module */,
				8BACE8732799578500BE317E /* Application */,
				8BACE8A7279963A400BE317E /* Utilities */,
				8BACE8AC279964AE00BE317E /* Helpers */,
				8BACE8912799593200BE317E /* Assets.xcassets */,
			);
			path = Product;
			sourceTree = "<group>";
		};
		8BACE8732799578500BE317E /* Application */ = {
			isa = PBXGroup;
			children = (
				8BACE8742799578500BE317E /* AppDelegate.swift */,
				8BACE8752799578500BE317E /* SceneDelegate.swift */,
			);
			path = Application;
			sourceTree = "<group>";
		};
		8BACE89B2799620700BE317E /* Module */ = {
			isa = PBXGroup;
			children = (
				8BACE8A02799632800BE317E /* ShoppingBasket */,
				8BACE89C2799623200BE317E /* MainProduct */,
			);
			path = Module;
			sourceTree = "<group>";
		};
		8BACE89C2799623200BE317E /* MainProduct */ = {
			isa = PBXGroup;
			children = (
				8BACE89F279962E400BE317E /* Models */,
				8BACE89E279962D600BE317E /* Views */,
				8BACE89D2799624900BE317E /* ViewModels */,
			);
			path = MainProduct;
			sourceTree = "<group>";
		};
		8BACE89D2799624900BE317E /* ViewModels */ = {
			isa = PBXGroup;
			children = (
				8BACE8D42799A14200BE317E /* ProductListViewModel.swift */,
			);
			path = ViewModels;
			sourceTree = "<group>";
		};
		8BACE89E279962D600BE317E /* Views */ = {
			isa = PBXGroup;
			children = (
				8BACE8D82799A86400BE317E /* CustomeCell */,
				8BACE88A2799585F00BE317E /* Main.storyboard */,
				8BACE86F2799578500BE317E /* ProductListViewController.swift */,
				8BACE8772799578500BE317E /* DetailController.swift */,
			);
			path = Views;
			sourceTree = "<group>";
		};
		8BACE89F279962E400BE317E /* Models */ = {
			isa = PBXGroup;
			children = (
				8BACE8722799578500BE317E /* Product.swift */,
			);
			path = Models;
			sourceTree = "<group>";
		};
		8BACE8A02799632800BE317E /* ShoppingBasket */ = {
			isa = PBXGroup;
			children = (
				8BACE8A32799633C00BE317E /* Models */,
				8BACE8A22799633600BE317E /* Views */,
				8BACE8A12799632F00BE317E /* ViewModels */,
			);
			path = ShoppingBasket;
			sourceTree = "<group>";
		};
		8BACE8A12799632F00BE317E /* ViewModels */ = {
			isa = PBXGroup;
			children = (
			);
			path = ViewModels;
			sourceTree = "<group>";
		};
		8BACE8A22799633600BE317E /* Views */ = {
			isa = PBXGroup;
			children = (
			);
			path = Views;
			sourceTree = "<group>";
		};
		8BACE8A32799633C00BE317E /* Models */ = {
			isa = PBXGroup;
			children = (
				8BACE8712799578500BE317E /* ShoppingBasket.swift */,
			);
			path = Models;
			sourceTree = "<group>";
		};
		8BACE8A52799637E00BE317E /* Manager */ = {
			isa = PBXGroup;
			children = (
				8BACE8A9279963F800BE317E /* NetwrokLayer */,
			);
			path = Manager;
			sourceTree = "<group>";
		};
		8BACE8A7279963A400BE317E /* Utilities */ = {
			isa = PBXGroup;
			children = (
				8BACE8AD279964BB00BE317E /* Extensions */,
			);
			path = Utilities;
			sourceTree = "<group>";
		};
		8BACE8A9279963F800BE317E /* NetwrokLayer */ = {
			isa = PBXGroup;
			children = (
				8BACE86B2799578400BE317E /* NetworkServiceLayer.swift */,
				8BACE86C2799578400BE317E /* DemoData.swift */,
				8BACE8B827996D5800BE317E /* RouterCreation.swift */,
				8BACE8CF27998DE700BE317E /* NetworkResponse.swift */,
			);
			path = NetwrokLayer;
			sourceTree = "<group>";
		};
		8BACE8AC279964AE00BE317E /* Helpers */ = {
			isa = PBXGroup;
			children = (
				8BACE8AE279964C500BE317E /* Constants */,
			);
			path = Helpers;
			sourceTree = "<group>";
		};
		8BACE8AD279964BB00BE317E /* Extensions */ = {
			isa = PBXGroup;
			children = (
			);
			path = Extensions;
			sourceTree = "<group>";
		};
		8BACE8AE279964C500BE317E /* Constants */ = {
			isa = PBXGroup;
			children = (
				8BACE8BE27996E3600BE317E /* Constants.swift */,
			);
			path = Constants;
			sourceTree = "<group>";
		};
		8BACE8CB279972CF00BE317E /* Base.lproj */ = {
			isa = PBXGroup;
			children = (
				8BACE88C2799586000BE317E /* LaunchScreen.storyboard */,
			);
			path = Base.lproj;
			sourceTree = "<group>";
		};
		8BACE8D82799A86400BE317E /* CustomeCell */ = {
			isa = PBXGroup;
			children = (
				8BACE8D92799A89D00BE317E /* ProductTableViewCell.swift */,
				8BACE8DA2799A89D00BE317E /* ProductTableViewCell.xib */,
				8BACE8DE2799A8B900BE317E /* ProductCellViewModel.swift */,
			);
			path = CustomeCell;
			sourceTree = "<group>";
		};
/* End PBXGroup section */

/* Begin PBXNativeTarget section */
		8B0D4DE6279956E3002D8B22 /* Product */ = {
			isa = PBXNativeTarget;
			buildConfigurationList = 8B0D4DFB279956E6002D8B22 /* Build configuration list for PBXNativeTarget "Product" */;
			buildPhases = (
				8B0D4DE3279956E3002D8B22 /* Sources */,
				8B0D4DE4279956E3002D8B22 /* Frameworks */,
				8B0D4DE5279956E3002D8B22 /* Resources */,
			);
			buildRules = (
			);
			dependencies = (
			);
			name = Product;
			productName = Product;
			productReference = 8B0D4DE7279956E3002D8B22 /* Product.app */;
			productType = "com.apple.product-type.application";
		};
/* End PBXNativeTarget section */

/* Begin PBXProject section */
		8B0D4DDF279956E3002D8B22 /* Project object */ = {
			isa = PBXProject;
			attributes = {
				LastSwiftUpdateCheck = 1240;
				LastUpgradeCheck = 1240;
				TargetAttributes = {
					8B0D4DE6279956E3002D8B22 = {
						CreatedOnToolsVersion = 12.4;
					};
				};
			};
			buildConfigurationList = 8B0D4DE2279956E3002D8B22 /* Build configuration list for PBXProject "Product" */;
			compatibilityVersion = "Xcode 9.3";
			developmentRegion = en;
			hasScannedForEncodings = 0;
			knownRegions = (
				en,
				Base,
			);
			mainGroup = 8B0D4DDE279956E3002D8B22;
			productRefGroup = 8B0D4DE8279956E3002D8B22 /* Products */;
			projectDirPath = "";
			projectRoot = "";
			targets = (
				8B0D4DE6279956E3002D8B22 /* Product */,
			);
		};
/* End PBXProject section */

/* Begin PBXResourcesBuildPhase section */
		8B0D4DE5279956E3002D8B22 /* Resources */ = {
			isa = PBXResourcesBuildPhase;
			buildActionMask = 2147483647;
			files = (
				8BACE8C82799728A00BE317E /* Main.storyboard in Resources */,
				8BACE8DC2799A89D00BE317E /* ProductTableViewCell.xib in Resources */,
				8BACE8C92799728A00BE317E /* LaunchScreen.storyboard in Resources */,
				8BACE8922799593200BE317E /* Assets.xcassets in Resources */,
			);
			runOnlyForDeploymentPostprocessing = 0;
		};
/* End PBXResourcesBuildPhase section */

/* Begin PBXSourcesBuildPhase section */
		8B0D4DE3279956E3002D8B22 /* Sources */ = {
			isa = PBXSourcesBuildPhase;
			buildActionMask = 2147483647;
			files = (
				8BACE87A2799578500BE317E /* NetworkServiceLayer.swift in Sources */,
				8BACE8BF27996E3600BE317E /* Constants.swift in Sources */,
				8BACE8DF2799A8B900BE317E /* ProductCellViewModel.swift in Sources */,
				8BACE8D52799A14200BE317E /* ProductListViewModel.swift in Sources */,
				8BACE8B927996D5800BE317E /* RouterCreation.swift in Sources */,
				8BACE87F2799578500BE317E /* Product.swift in Sources */,
				8BACE8822799578500BE317E /* DetailController.swift in Sources */,
				8BACE8802799578500BE317E /* AppDelegate.swift in Sources */,
				8BACE8DB2799A89D00BE317E /* ProductTableViewCell.swift in Sources */,
				8BACE8812799578500BE317E /* SceneDelegate.swift in Sources */,
				8BACE87E2799578500BE317E /* ShoppingBasket.swift in Sources */,
				8BACE8D027998DE700BE317E /* NetworkResponse.swift in Sources */,
				8BACE87D2799578500BE317E /* ProductListViewController.swift in Sources */,
				8BACE87B2799578500BE317E /* DemoData.swift in Sources */,
			);
			runOnlyForDeploymentPostprocessing = 0;
		};
/* End PBXSourcesBuildPhase section */

/* Begin XCBuildConfiguration section */
		8B0D4DF9279956E6002D8B22 /* Debug */ = {
			isa = XCBuildConfiguration;
			buildSettings = {
				ALWAYS_SEARCH_USER_PATHS = NO;
				CLANG_ANALYZER_NONNULL = YES;
				CLANG_ANALYZER_NUMBER_OBJECT_CONVERSION = YES_AGGRESSIVE;
				CLANG_CXX_LANGUAGE_STANDARD = "gnu++14";
				CLANG_CXX_LIBRARY = "libc++";
				CLANG_ENABLE_MODULES = YES;
				CLANG_ENABLE_OBJC_ARC = YES;
				CLANG_ENABLE_OBJC_WEAK = YES;
				CLANG_WARN_BLOCK_CAPTURE_AUTORELEASING = YES;
				CLANG_WARN_BOOL_CONVERSION = YES;
				CLANG_WARN_COMMA = YES;
				CLANG_WARN_CONSTANT_CONVERSION = YES;
				CLANG_WARN_DEPRECATED_OBJC_IMPLEMENTATIONS = YES;
				CLANG_WARN_DIRECT_OBJC_ISA_USAGE = YES_ERROR;
				CLANG_WARN_DOCUMENTATION_COMMENTS = YES;
				CLANG_WARN_EMPTY_BODY = YES;
				CLANG_WARN_ENUM_CONVERSION = YES;
				CLANG_WARN_INFINITE_RECURSION = YES;
				CLANG_WARN_INT_CONVERSION = YES;
				CLANG_WARN_NON_LITERAL_NULL_CONVERSION = YES;
				CLANG_WARN_OBJC_IMPLICIT_RETAIN_SELF = YES;
				CLANG_WARN_OBJC_LITERAL_CONVERSION = YES;
				CLANG_WARN_OBJC_ROOT_CLASS = YES_ERROR;
				CLANG_WARN_QUOTED_INCLUDE_IN_FRAMEWORK_HEADER = YES;
				CLANG_WARN_RANGE_LOOP_ANALYSIS = YES;
				CLANG_WARN_STRICT_PROTOTYPES = YES;
				CLANG_WARN_SUSPICIOUS_MOVE = YES;
				CLANG_WARN_UNGUARDED_AVAILABILITY = YES_AGGRESSIVE;
				CLANG_WARN_UNREACHABLE_CODE = YES;
				CLANG_WARN__DUPLICATE_METHOD_MATCH = YES;
				COPY_PHASE_STRIP = NO;
				DEBUG_INFORMATION_FORMAT = dwarf;
				ENABLE_STRICT_OBJC_MSGSEND = YES;
				ENABLE_TESTABILITY = YES;
				GCC_C_LANGUAGE_STANDARD = gnu11;
				GCC_DYNAMIC_NO_PIC = NO;
				GCC_NO_COMMON_BLOCKS = YES;
				GCC_OPTIMIZATION_LEVEL = 0;
				GCC_PREPROCESSOR_DEFINITIONS = (
					"DEBUG=1",
					"$(inherited)",
				);
				GCC_WARN_64_TO_32_BIT_CONVERSION = YES;
				GCC_WARN_ABOUT_RETURN_TYPE = YES_ERROR;
				GCC_WARN_UNDECLARED_SELECTOR = YES;
				GCC_WARN_UNINITIALIZED_AUTOS = YES_AGGRESSIVE;
				GCC_WARN_UNUSED_FUNCTION = YES;
				GCC_WARN_UNUSED_VARIABLE = YES;
				IPHONEOS_DEPLOYMENT_TARGET = 14.4;
				MTL_ENABLE_DEBUG_INFO = INCLUDE_SOURCE;
				MTL_FAST_MATH = YES;
				ONLY_ACTIVE_ARCH = YES;
				SDKROOT = iphoneos;
				SWIFT_ACTIVE_COMPILATION_CONDITIONS = DEBUG;
				SWIFT_OPTIMIZATION_LEVEL = "-Onone";
			};
			name = Debug;
		};
		8B0D4DFA279956E6002D8B22 /* Release */ = {
			isa = XCBuildConfiguration;
			buildSettings = {
				ALWAYS_SEARCH_USER_PATHS = NO;
				CLANG_ANALYZER_NONNULL = YES;
				CLANG_ANALYZER_NUMBER_OBJECT_CONVERSION = YES_AGGRESSIVE;
				CLANG_CXX_LANGUAGE_STANDARD = "gnu++14";
				CLANG_CXX_LIBRARY = "libc++";
				CLANG_ENABLE_MODULES = YES;
				CLANG_ENABLE_OBJC_ARC = YES;
				CLANG_ENABLE_OBJC_WEAK = YES;
				CLANG_WARN_BLOCK_CAPTURE_AUTORELEASING = YES;
				CLANG_WARN_BOOL_CONVERSION = YES;
				CLANG_WARN_COMMA = YES;
				CLANG_WARN_CONSTANT_CONVERSION = YES;
				CLANG_WARN_DEPRECATED_OBJC_IMPLEMENTATIONS = YES;
				CLANG_WARN_DIRECT_OBJC_ISA_USAGE = YES_ERROR;
				CLANG_WARN_DOCUMENTATION_COMMENTS = YES;
				CLANG_WARN_EMPTY_BODY = YES;
				CLANG_WARN_ENUM_CONVERSION = YES;
				CLANG_WARN_INFINITE_RECURSION = YES;
				CLANG_WARN_INT_CONVERSION = YES;
				CLANG_WARN_NON_LITERAL_NULL_CONVERSION = YES;
				CLANG_WARN_OBJC_IMPLICIT_RETAIN_SELF = YES;
				CLANG_WARN_OBJC_LITERAL_CONVERSION = YES;
				CLANG_WARN_OBJC_ROOT_CLASS = YES_ERROR;
				CLANG_WARN_QUOTED_INCLUDE_IN_FRAMEWORK_HEADER = YES;
				CLANG_WARN_RANGE_LOOP_ANALYSIS = YES;
				CLANG_WARN_STRICT_PROTOTYPES = YES;
				CLANG_WARN_SUSPICIOUS_MOVE = YES;
				CLANG_WARN_UNGUARDED_AVAILABILITY = YES_AGGRESSIVE;
				CLANG_WARN_UNREACHABLE_CODE = YES;
				CLANG_WARN__DUPLICATE_METHOD_MATCH = YES;
				COPY_PHASE_STRIP = NO;
				DEBUG_INFORMATION_FORMAT = "dwarf-with-dsym";
				ENABLE_NS_ASSERTIONS = NO;
				ENABLE_STRICT_OBJC_MSGSEND = YES;
				GCC_C_LANGUAGE_STANDARD = gnu11;
				GCC_NO_COMMON_BLOCKS = YES;
				GCC_WARN_64_TO_32_BIT_CONVERSION = YES;
				GCC_WARN_ABOUT_RETURN_TYPE = YES_ERROR;
				GCC_WARN_UNDECLARED_SELECTOR = YES;
				GCC_WARN_UNINITIALIZED_AUTOS = YES_AGGRESSIVE;
				GCC_WARN_UNUSED_FUNCTION = YES;
				GCC_WARN_UNUSED_VARIABLE = YES;
				IPHONEOS_DEPLOYMENT_TARGET = 14.4;
				MTL_ENABLE_DEBUG_INFO = NO;
				MTL_FAST_MATH = YES;
				SDKROOT = iphoneos;
				SWIFT_COMPILATION_MODE = wholemodule;
				SWIFT_OPTIMIZATION_LEVEL = "-O";
				VALIDATE_PRODUCT = YES;
			};
			name = Release;
		};
		8B0D4DFC279956E6002D8B22 /* Debug */ = {
			isa = XCBuildConfiguration;
			buildSettings = {
				ASSETCATALOG_COMPILER_APPICON_NAME = AppIcon;
				ASSETCATALOG_COMPILER_GLOBAL_ACCENT_COLOR_NAME = AccentColor;
				CODE_SIGN_STYLE = Automatic;
				DEVELOPMENT_TEAM = 5544KZSUP9;
				INFOPLIST_FILE = Product/Info.plist;
				LD_RUNPATH_SEARCH_PATHS = (
					"$(inherited)",
					"@executable_path/Frameworks",
				);
				PRODUCT_BUNDLE_IDENTIFIER = com.Tayseer.Product;
				PRODUCT_NAME = "$(TARGET_NAME)";
				SWIFT_VERSION = 5.0;
				TARGETED_DEVICE_FAMILY = "1,2";
			};
			name = Debug;
		};
		8B0D4DFD279956E6002D8B22 /* Release */ = {
			isa = XCBuildConfiguration;
			buildSettings = {
				ASSETCATALOG_COMPILER_APPICON_NAME = AppIcon;
				ASSETCATALOG_COMPILER_GLOBAL_ACCENT_COLOR_NAME = AccentColor;
				CODE_SIGN_STYLE = Automatic;
				DEVELOPMENT_TEAM = 5544KZSUP9;
				INFOPLIST_FILE = Product/Info.plist;
				LD_RUNPATH_SEARCH_PATHS = (
					"$(inherited)",
					"@executable_path/Frameworks",
				);
				PRODUCT_BUNDLE_IDENTIFIER = com.Tayseer.Product;
				PRODUCT_NAME = "$(TARGET_NAME)";
				SWIFT_VERSION = 5.0;
				TARGETED_DEVICE_FAMILY = "1,2";
			};
			name = Release;
		};
/* End XCBuildConfiguration section */

/* Begin XCConfigurationList section */
		8B0D4DE2279956E3002D8B22 /* Build configuration list for PBXProject "Product" */ = {
			isa = XCConfigurationList;
			buildConfigurations = (
				8B0D4DF9279956E6002D8B22 /* Debug */,
				8B0D4DFA279956E6002D8B22 /* Release */,
			);
			defaultConfigurationIsVisible = 0;
			defaultConfigurationName = Release;
		};
		8B0D4DFB279956E6002D8B22 /* Build configuration list for PBXNativeTarget "Product" */ = {
			isa = XCConfigurationList;
			buildConfigurations = (
				8B0D4DFC279956E6002D8B22 /* Debug */,
				8B0D4DFD279956E6002D8B22 /* Release */,
			);
			defaultConfigurationIsVisible = 0;
			defaultConfigurationName = Release;
		};
/* End XCConfigurationList section */
	};
	rootObject = 8B0D4DDF279956E3002D8B22 /* Project object */;
}
